{
    "_readme": [
        "This file locks the dependencies of your project to a known state",
        "Read more about it at http://getcomposer.org/doc/01-basic-usage.md#composer-lock-the-lock-file"
    ],
    "hash": "23c626e4bbcdf9c7f88f9e8a42118020",
    "packages": [
        {
            "name": "stefanotorresi/my-base",
            "version": "dev-master",
            "source": {
                "type": "git",
                "url": "https://github.com/stefanotorresi/MyBase.git",
                "reference": "4138a19bc2f61ac3b9d1d0a5bf7f9c86cf6a67a2"
            },
            "dist": {
                "type": "zip",
                "url": "https://api.github.com/repos/stefanotorresi/MyBase/zipball/4138a19bc2f61ac3b9d1d0a5bf7f9c86cf6a67a2",
                "reference": "4138a19bc2f61ac3b9d1d0a5bf7f9c86cf6a67a2",
                "shasum": ""
            },
            "require": {
                "php": ">=5.4.1",
                "zendframework/zendframework": "2.*"
            },
            "require-dev": {
                "kriswallsmith/assetic": "*"
            },
            "type": "library",
            "extra": {
                "branch-alias": {
                    "dev-master": "1.x-dev",
                    "dev-0.x": "0.x-dev"
                }
            },
            "autoload": {
                "psr-0": {
                    "MyBase": "src"
                },
                "classmap": [
                    "./"
                ]
            },
            "notification-url": "https://packagist.org/downloads/",
            "license": [
                "MIT"
            ],
            "time": "2013-10-21 09:51:22"
        },
        {
            "name": "stefanotorresi/my-error-handler",
            "version": "dev-master",
            "source": {
                "type": "git",
                "url": "https://github.com/stefanotorresi/MyErrorHandler.git",
                "reference": "d06e517ed16f7876715a0b5844723542df0fbddc"
            },
            "dist": {
                "type": "zip",
                "url": "https://api.github.com/repos/stefanotorresi/MyErrorHandler/zipball/d06e517ed16f7876715a0b5844723542df0fbddc",
                "reference": "d06e517ed16f7876715a0b5844723542df0fbddc",
                "shasum": ""
            },
            "require": {
                "php": ">=5.3.3",
                "zendframework/zendframework": "2.*"
            },
            "type": "library",
            "autoload": {
                "psr-0": {
                    "MyErrorHandler": "src/"
                },
                "classmap": [
                    "./"
                ]
            },
            "notification-url": "https://packagist.org/downloads/",
            "authors": [
                {
                    "name": "Stefano Torresi",
                    "email": "webdev@stefanotorresi.it",
                    "homepage": "http://stefanotorresi.it"
                }
            ],
            "description": "A ZF2 module that introduces custom exceptions and error strategies for XHR requests",
            "homepage": "https://github.com/stefanotorresi/MyErrorHandler",
            "keywords": [
                "module",
                "zend",
                "zf2"
            ],
            "time": "2013-10-11 10:22:51"
        },
        {
            "name": "zendframework/zendframework",
            "version": "2.2.4",
            "source": {
                "type": "git",
                "url": "https://github.com/zendframework/zf2.git",
                "reference": "5b03d868755c181fc9b5dc56c1f8c26e73ca0bed"
            },
            "dist": {
                "type": "zip",
                "url": "https://api.github.com/repos/zendframework/zf2/zipball/5b03d868755c181fc9b5dc56c1f8c26e73ca0bed",
                "reference": "5b03d868755c181fc9b5dc56c1f8c26e73ca0bed",
                "shasum": ""
            },
            "require": {
                "php": ">=5.3.3"
            },
            "replace": {
                "zendframework/zend-authentication": "self.version",
                "zendframework/zend-barcode": "self.version",
                "zendframework/zend-cache": "self.version",
                "zendframework/zend-captcha": "self.version",
                "zendframework/zend-code": "self.version",
                "zendframework/zend-config": "self.version",
                "zendframework/zend-console": "self.version",
                "zendframework/zend-crypt": "self.version",
                "zendframework/zend-db": "self.version",
                "zendframework/zend-debug": "self.version",
                "zendframework/zend-di": "self.version",
                "zendframework/zend-dom": "self.version",
                "zendframework/zend-escaper": "self.version",
                "zendframework/zend-eventmanager": "self.version",
                "zendframework/zend-feed": "self.version",
                "zendframework/zend-file": "self.version",
                "zendframework/zend-filter": "self.version",
                "zendframework/zend-form": "self.version",
                "zendframework/zend-http": "self.version",
                "zendframework/zend-i18n": "self.version",
                "zendframework/zend-inputfilter": "self.version",
                "zendframework/zend-json": "self.version",
                "zendframework/zend-ldap": "self.version",
                "zendframework/zend-loader": "self.version",
                "zendframework/zend-log": "self.version",
                "zendframework/zend-mail": "self.version",
                "zendframework/zend-math": "self.version",
                "zendframework/zend-memory": "self.version",
                "zendframework/zend-mime": "self.version",
                "zendframework/zend-modulemanager": "self.version",
                "zendframework/zend-mvc": "self.version",
                "zendframework/zend-navigation": "self.version",
                "zendframework/zend-paginator": "self.version",
                "zendframework/zend-permissions-acl": "self.version",
                "zendframework/zend-permissions-rbac": "self.version",
                "zendframework/zend-progressbar": "self.version",
                "zendframework/zend-resources": "self.version",
                "zendframework/zend-serializer": "self.version",
                "zendframework/zend-server": "self.version",
                "zendframework/zend-servicemanager": "self.version",
                "zendframework/zend-session": "self.version",
                "zendframework/zend-soap": "self.version",
                "zendframework/zend-stdlib": "self.version",
                "zendframework/zend-tag": "self.version",
                "zendframework/zend-test": "self.version",
                "zendframework/zend-text": "self.version",
                "zendframework/zend-uri": "self.version",
                "zendframework/zend-validator": "self.version",
                "zendframework/zend-version": "self.version",
                "zendframework/zend-view": "self.version",
                "zendframework/zend-xmlrpc": "self.version"
            },
            "require-dev": {
                "doctrine/annotations": ">=1.0",
                "ircmaxell/random-lib": "dev-master",
                "ircmaxell/security-lib": "dev-master",
                "ocramius/proxy-manager": "0.4.*",
                "phpunit/phpunit": "3.7.*"
            },
            "suggest": {
                "doctrine/annotations": "Doctrine Annotations >=1.0 for annotation features",
                "ext-intl": "ext/intl for i18n features (included in default builds of PHP)",
                "ircmaxell/random-lib": "Fallback random byte generator for Zend\\Math\\Rand if OpenSSL/Mcrypt extensions are unavailable",
                "ocramius/proxy-manager": "ProxyManager to handle lazy initialization of services",
                "zendframework/zendpdf": "ZendPdf for creating PDF representations of barcodes",
                "zendframework/zendservice-recaptcha": "ZendService\\ReCaptcha for rendering ReCaptchas in Zend\\Captcha and/or Zend\\Form"
            },
            "bin": [
                "bin/classmap_generator.php",
                "bin/pluginmap_generator.php",
                "bin/templatemap_generator.php"
            ],
            "type": "library",
            "extra": {
                "branch-alias": {
                    "dev-master": "2.2-dev",
                    "dev-develop": "2.3-dev"
                }
            },
            "autoload": {
                "psr-0": {
                    "Zend\\": "library/"
                }
            },
            "notification-url": "https://packagist.org/downloads/",
            "license": [
                "BSD-3-Clause"
            ],
            "description": "Zend Framework 2",
            "homepage": "http://framework.zend.com/",
            "keywords": [
                "framework",
                "zf2"
            ],
            "time": "2013-08-26 15:09:04"
        }
    ],
    "packages-dev": [
        {
            "name": "zendframework/zend-developer-tools",
            "version": "dev-master",
            "source": {
                "type": "git",
                "url": "https://github.com/zendframework/ZendDeveloperTools.git",
                "reference": "081ea12e59e8a0ffe84b032e8e804d26d3b1d404"
            },
            "dist": {
                "type": "zip",
                "url": "https://api.github.com/repos/zendframework/ZendDeveloperTools/zipball/081ea12e59e8a0ffe84b032e8e804d26d3b1d404",
                "reference": "081ea12e59e8a0ffe84b032e8e804d26d3b1d404",
                "shasum": ""
            },
            "require": {
                "php": ">=5.3.3",
                "zendframework/zend-debug": "2.*",
                "zendframework/zend-eventmanager": "2.*",
                "zendframework/zend-mvc": "2.*",
                "zendframework/zend-servicemanager": "2.*",
                "zendframework/zend-stdlib": "2.*",
                "zendframework/zend-version": "2.*"
            },
            "suggest": {
                "bjyoungblood/bjy-profiler": "Version: dev-master, allows the usage of the (Zend) Db collector.",
                "ocramius/ocra-service-manager": "OcraServiceManager can help you track dependencies within your application."
            },
            "type": "zf-module",
            "autoload": {
                "psr-0": {
                    "ZendDeveloperTools": "src/"
                },
                "classmap": [
                    "./Module.php"
                ]
            },
            "notification-url": "https://packagist.org/downloads/",
            "license": [
                "BSD-3-Clause"
            ],
            "authors": [
                {
                    "name": "Evan Coury",
                    "email": "me@evancoury.com",
                    "homepage": "http://blog.evan.pro/"
                },
                {
                    "name": "Eric Boh",
                    "email": "cossish@gmail.com"
                }
            ],
            "description": "Module for developer and debug tools for working with the ZF2 MVC layer.",
            "homepage": "https://github.com/zendframework/ZendDeveloperTools",
            "keywords": [
                "debug",
                "developer",
                "module",
                "zf2"
            ],
            "time": "2013-10-17 08:56:09"
        },
        {
            "name": "zendframework/zftool",
            "version": "dev-master",
            "source": {
                "type": "git",
                "url": "https://github.com/zendframework/ZFTool.git",
                "reference": "a7ab10919b5ebb1bff82b63042bee359b327e53a"
            },
            "dist": {
                "type": "zip",
                "url": "https://api.github.com/repos/zendframework/ZFTool/zipball/a7ab10919b5ebb1bff82b63042bee359b327e53a",
                "reference": "a7ab10919b5ebb1bff82b63042bee359b327e53a",
                "shasum": ""
            },
            "require": {
                "php": ">=5.3.3",
                "zendframework/zend-code": ">=2.2.2",
                "zendframework/zend-config": ">=2.2.2",
                "zendframework/zend-console": ">=2.2.2",
                "zendframework/zend-file": ">=2.2.2",
                "zendframework/zend-form": ">=2.2.2",
                "zendframework/zend-loader": ">=2.2.2",
                "zendframework/zend-modulemanager": ">=2.2.2",
                "zendframework/zend-mvc": ">=2.2.2",
                "zendframework/zend-serializer": ">=2.2.2",
                "zendframework/zend-servicemanager": ">=2.2.2",
                "zendframework/zend-stdlib": ">=2.2.2",
                "zendframework/zend-text": ">=2.2.2",
                "zendframework/zend-version": ">=2.2.2",
                "zendframework/zend-view": ">=2.2.2"
            },
            "bin": [
                "zf.php"
            ],
            "type": "library",
            "autoload": {
                "psr-0": {
                    "ZFTool\\": "src/"
                }
            },
            "notification-url": "https://packagist.org/downloads/",
            "license": [
                "BSD-3-Clause"
            ],
            "description": "Utility module for Zend Framework 2 applications.",
            "homepage": "http://framework.zend.com/",
            "keywords": [
                "tool",
                "zf2"
            ],
            "time": "2013-09-06 17:30:16"
        }
    ],
    "aliases": [

    ],
    "minimum-stability": "stable",
    "stability-flags": {
        "stefanotorresi/my-base": 20,
        "stefanotorresi/my-error-handler": 20,
        "zendframework/zftool": 20,
        "zendframework/zend-developer-tools": 20
    },
    "platform": {
        "php": ">5.4.1"
    },
    "platform-dev": [

    ]
}
